<?xml version="1.0" encoding="utf-8"?>
<Project ToolsVersion="4.0" xmlns="http://schemas.microsoft.com/developer/msbuild/2003">
  <ItemGroup>
    <Filter Include="Source Files">
      <UniqueIdentifier>{4FC737F1-C7A5-4376-A066-2A32D752A2FF}</UniqueIdentifier>
      <Extensions>cpp;c;cc;cxx;def;odl;idl;hpj;bat;asm;asmx</Extensions>
    </Filter>
    <Filter Include="Header Files">
      <UniqueIdentifier>{93995380-89BD-4b04-88EB-625FBE52EBFB}</UniqueIdentifier>
      <Extensions>h;hh;hpp;hxx;hm;inl;inc;xsd</Extensions>
    </Filter>
    <Filter Include="Resource Files">
      <UniqueIdentifier>{67DA6AB6-F800-4c08-8B7A-83BB121AAD01}</UniqueIdentifier>
      <Extensions>rc;ico;cur;bmp;dlg;rc2;rct;bin;rgs;gif;jpg;jpeg;jpe;resx;tiff;tif;png;wav;mfcribbon-ms</Extensions>
    </Filter>
    <Filter Include="Source Files\core">
      <UniqueIdentifier>{f3e3ef71-a0ad-4f56-8d88-5d81dcf984bb}</UniqueIdentifier>
    </Filter>
    <Filter Include="Source Files\ctrl">
      <UniqueIdentifier>{8ba4356e-17da-44a8-8d7d-cfb3297ad55d}</UniqueIdentifier>
    </Filter>
    <Filter Include="Source Files\util">
      <UniqueIdentifier>{f402138f-cb00-46d9-a568-869964f94757}</UniqueIdentifier>
    </Filter>
  </ItemGroup>
  <ItemGroup>
    <ClCompile Include="..\core\tw_control.cpp">
      <Filter>Source Files\core</Filter>
    </ClCompile>
    <ClCompile Include="..\core\tw_menu.cpp">
      <Filter>Source Files\core</Filter>
    </ClCompile>
    <ClCompile Include="..\core\tw_parser.cpp">
      <Filter>Source Files\core</Filter>
    </ClCompile>
    <ClCompile Include="..\core\tw_resmgr.cpp">
      <Filter>Source Files\core</Filter>
    </ClCompile>
    <ClCompile Include="..\core\tw_syscontrols.cpp">
      <Filter>Source Files\core</Filter>
    </ClCompile>
    <ClCompile Include="..\core\tw_taowin.cpp">
      <Filter>Source Files\core</Filter>
    </ClCompile>
    <ClCompile Include="..\core\tw_util.cpp">
      <Filter>Source Files\core</Filter>
    </ClCompile>
    <ClCompile Include="..\core\tw_window.cpp">
      <Filter>Source Files\core</Filter>
    </ClCompile>
    <ClCompile Include="..\ctrl\button.cpp">
      <Filter>Source Files\ctrl</Filter>
    </ClCompile>
    <ClCompile Include="..\ctrl\combobox.cpp">
      <Filter>Source Files\ctrl</Filter>
    </ClCompile>
    <ClCompile Include="..\ctrl\header.cpp">
      <Filter>Source Files\ctrl</Filter>
    </ClCompile>
    <ClCompile Include="..\ctrl\listview.cpp">
      <Filter>Source Files\ctrl</Filter>
    </ClCompile>
    <ClCompile Include="..\ctrl\progress.cpp">
      <Filter>Source Files\ctrl</Filter>
    </ClCompile>
    <ClCompile Include="..\ctrl\tabctrl.cpp">
      <Filter>Source Files\ctrl</Filter>
    </ClCompile>
    <ClCompile Include="..\ctrl\webview.cpp">
      <Filter>Source Files\ctrl</Filter>
    </ClCompile>
    <ClCompile Include="..\ctrl\TextBox.cpp">
      <Filter>Source Files\ctrl</Filter>
    </ClCompile>
  </ItemGroup>
  <ItemGroup>
    <ClInclude Include="..\core\tw_control.h">
      <Filter>Source Files\core</Filter>
    </ClInclude>
    <ClInclude Include="..\core\tw_menu.h">
      <Filter>Source Files\core</Filter>
    </ClInclude>
    <ClInclude Include="..\core\tw_parser.h">
      <Filter>Source Files\core</Filter>
    </ClInclude>
    <ClInclude Include="..\core\tw_resmgr.h">
      <Filter>Source Files\core</Filter>
    </ClInclude>
    <ClInclude Include="..\core\tw_syscontrols.h">
      <Filter>Source Files\core</Filter>
    </ClInclude>
    <ClInclude Include="..\core\tw_taowin.h">
      <Filter>Source Files\core</Filter>
    </ClInclude>
    <ClInclude Include="..\core\tw_util.h">
      <Filter>Source Files\core</Filter>
    </ClInclude>
    <ClInclude Include="..\core\tw_window.h">
      <Filter>Source Files\core</Filter>
    </ClInclude>
    <ClInclude Include="..\ctrl\button.h">
      <Filter>Source Files\ctrl</Filter>
    </ClInclude>
    <ClInclude Include="..\ctrl\combobox.h">
      <Filter>Source Files\ctrl</Filter>
    </ClInclude>
    <ClInclude Include="..\ctrl\header.h">
      <Filter>Source Files\ctrl</Filter>
    </ClInclude>
    <ClInclude Include="..\ctrl\listview.h">
      <Filter>Source Files\ctrl</Filter>
    </ClInclude>
    <ClInclude Include="..\ctrl\progress.h">
      <Filter>Source Files\ctrl</Filter>
    </ClInclude>
    <ClInclude Include="..\ctrl\tabctrl.h">
      <Filter>Source Files\ctrl</Filter>
    </ClInclude>
    <ClInclude Include="..\util\com_hlp.hpp">
      <Filter>Source Files\util</Filter>
    </ClInclude>
    <ClInclude Include="..\ctrl\webview.h">
      <Filter>Source Files\ctrl</Filter>
    </ClInclude>
    <ClInclude Include="..\util\win_hlp.hpp">
      <Filter>Source Files\util</Filter>
    </ClInclude>
    <ClInclude Include="..\ctrl\TextBox.h">
      <Filter>Source Files\ctrl</Filter>
    </ClInclude>
  </ItemGroup>
</Project>